# generated by rye
# use `rye lock` or `rye sync` to update this lockfile
#
# last locked with the following flags:
#   pre: false
#   features: []
#   all-features: false
#   with-sources: false
#   generate-hashes: false
#   universal: false

-e file:.
absolufy-imports==0.3.1
    # via google-adk
alembic==1.16.5
    # via sqlalchemy-spanner
annotated-types==0.7.0
    # via pydantic
anyio==4.10.0
    # via google-adk
    # via google-genai
    # via httpx
    # via mcp
    # via sse-starlette
    # via starlette
attrs==25.3.0
    # via jsonschema
    # via referencing
authlib==1.6.3
    # via google-adk
cachetools==5.5.2
    # via google-auth
certifi==2025.8.3
    # via httpcore
    # via httpx
    # via requests
cffi==2.0.0
    # via cryptography
charset-normalizer==3.4.3
    # via requests
click==8.2.1
    # via google-adk
    # via uvicorn
cloudpickle==3.1.1
    # via google-cloud-aiplatform
cryptography==45.0.7
    # via authlib
docstring-parser==0.17.0
    # via google-cloud-aiplatform
fastapi==0.116.1
    # via google-adk
google-adk==1.14.0
    # via bitbucket
    # via google-cloud-aiplatform
google-api-core==2.25.1
    # via google-api-python-client
    # via google-cloud-aiplatform
    # via google-cloud-appengine-logging
    # via google-cloud-bigquery
    # via google-cloud-bigtable
    # via google-cloud-core
    # via google-cloud-logging
    # via google-cloud-resource-manager
    # via google-cloud-secret-manager
    # via google-cloud-spanner
    # via google-cloud-speech
    # via google-cloud-storage
    # via google-cloud-trace
google-api-python-client==2.181.0
    # via google-adk
google-auth==2.40.3
    # via google-api-core
    # via google-api-python-client
    # via google-auth-httplib2
    # via google-cloud-aiplatform
    # via google-cloud-appengine-logging
    # via google-cloud-bigquery
    # via google-cloud-bigtable
    # via google-cloud-core
    # via google-cloud-logging
    # via google-cloud-resource-manager
    # via google-cloud-secret-manager
    # via google-cloud-speech
    # via google-cloud-storage
    # via google-cloud-trace
    # via google-genai
google-auth-httplib2==0.2.0
    # via google-api-python-client
google-cloud-aiplatform==1.113.0
    # via bitbucket
    # via google-adk
google-cloud-appengine-logging==1.6.2
    # via google-cloud-logging
google-cloud-audit-log==0.3.2
    # via google-cloud-logging
google-cloud-bigquery==3.37.0
    # via google-cloud-aiplatform
google-cloud-bigtable==2.32.0
    # via google-adk
google-cloud-core==2.4.3
    # via google-cloud-bigquery
    # via google-cloud-bigtable
    # via google-cloud-logging
    # via google-cloud-spanner
    # via google-cloud-storage
google-cloud-logging==3.12.1
    # via google-cloud-aiplatform
google-cloud-resource-manager==1.14.2
    # via google-cloud-aiplatform
google-cloud-secret-manager==2.24.0
    # via google-adk
google-cloud-spanner==3.57.0
    # via google-adk
    # via sqlalchemy-spanner
google-cloud-speech==2.33.0
    # via google-adk
google-cloud-storage==2.19.0
    # via google-adk
    # via google-cloud-aiplatform
google-cloud-trace==1.16.2
    # via google-cloud-aiplatform
    # via opentelemetry-exporter-gcp-trace
google-crc32c==1.7.1
    # via google-cloud-bigtable
    # via google-cloud-storage
    # via google-resumable-media
google-genai==1.36.0
    # via bitbucket
    # via google-adk
    # via google-cloud-aiplatform
google-resumable-media==2.7.2
    # via google-cloud-bigquery
    # via google-cloud-storage
googleapis-common-protos==1.70.0
    # via google-api-core
    # via google-cloud-audit-log
    # via grpc-google-iam-v1
    # via grpcio-status
graphviz==0.21
    # via google-adk
grpc-google-iam-v1==0.14.2
    # via google-cloud-bigtable
    # via google-cloud-logging
    # via google-cloud-resource-manager
    # via google-cloud-secret-manager
    # via google-cloud-spanner
grpc-interceptor==0.15.4
    # via google-cloud-spanner
grpcio==1.74.0
    # via google-api-core
    # via googleapis-common-protos
    # via grpc-google-iam-v1
    # via grpc-interceptor
    # via grpcio-status
grpcio-status==1.74.0
    # via google-api-core
h11==0.16.0
    # via httpcore
    # via uvicorn
httpcore==1.0.9
    # via httpx
httplib2==0.31.0
    # via google-api-python-client
    # via google-auth-httplib2
httpx==0.28.1
    # via google-genai
    # via mcp
httpx-sse==0.4.1
    # via mcp
idna==3.10
    # via anyio
    # via httpx
    # via requests
importlib-metadata==8.7.0
    # via opentelemetry-api
jsonschema==4.25.1
    # via mcp
jsonschema-specifications==2025.9.1
    # via jsonschema
mako==1.3.10
    # via alembic
markupsafe==3.0.2
    # via mako
mcp==1.14.0
    # via google-adk
numpy==2.3.3
    # via shapely
opentelemetry-api==1.37.0
    # via google-adk
    # via google-cloud-logging
    # via opentelemetry-exporter-gcp-trace
    # via opentelemetry-resourcedetector-gcp
    # via opentelemetry-sdk
    # via opentelemetry-semantic-conventions
opentelemetry-exporter-gcp-trace==1.9.0
    # via google-adk
    # via google-cloud-aiplatform
opentelemetry-resourcedetector-gcp==1.9.0a0
    # via opentelemetry-exporter-gcp-trace
opentelemetry-sdk==1.37.0
    # via google-adk
    # via google-cloud-aiplatform
    # via opentelemetry-exporter-gcp-trace
    # via opentelemetry-resourcedetector-gcp
opentelemetry-semantic-conventions==0.58b0
    # via opentelemetry-sdk
packaging==25.0
    # via google-cloud-aiplatform
    # via google-cloud-bigquery
proto-plus==1.26.1
    # via google-api-core
    # via google-cloud-aiplatform
    # via google-cloud-appengine-logging
    # via google-cloud-bigtable
    # via google-cloud-logging
    # via google-cloud-resource-manager
    # via google-cloud-secret-manager
    # via google-cloud-spanner
    # via google-cloud-speech
    # via google-cloud-trace
protobuf==6.32.1
    # via google-api-core
    # via google-cloud-aiplatform
    # via google-cloud-appengine-logging
    # via google-cloud-audit-log
    # via google-cloud-bigtable
    # via google-cloud-logging
    # via google-cloud-resource-manager
    # via google-cloud-secret-manager
    # via google-cloud-spanner
    # via google-cloud-speech
    # via google-cloud-trace
    # via googleapis-common-protos
    # via grpc-google-iam-v1
    # via grpcio-status
    # via proto-plus
pyasn1==0.6.1
    # via pyasn1-modules
    # via rsa
pyasn1-modules==0.4.2
    # via google-auth
pycparser==2.23
    # via cffi
pydantic==2.11.9
    # via bitbucket
    # via fastapi
    # via google-adk
    # via google-cloud-aiplatform
    # via google-genai
    # via mcp
    # via pydantic-settings
pydantic-core==2.33.2
    # via pydantic
pydantic-settings==2.10.1
    # via mcp
pyparsing==3.2.4
    # via httplib2
python-dateutil==2.9.0.post0
    # via google-adk
    # via google-cloud-bigquery
python-dotenv==1.1.1
    # via bitbucket
    # via google-adk
    # via pydantic-settings
python-multipart==0.0.20
    # via mcp
pyyaml==6.0.2
    # via google-adk
referencing==0.36.2
    # via jsonschema
    # via jsonschema-specifications
requests==2.32.5
    # via google-adk
    # via google-api-core
    # via google-cloud-bigquery
    # via google-cloud-storage
    # via google-genai
    # via opentelemetry-resourcedetector-gcp
rpds-py==0.27.1
    # via jsonschema
    # via referencing
rsa==4.9.1
    # via google-auth
shapely==2.1.1
    # via google-cloud-aiplatform
six==1.17.0
    # via python-dateutil
sniffio==1.3.1
    # via anyio
sqlalchemy==2.0.43
    # via alembic
    # via google-adk
    # via sqlalchemy-spanner
sqlalchemy-spanner==1.16.0
    # via google-adk
sqlparse==0.5.3
    # via google-cloud-spanner
sse-starlette==3.0.2
    # via mcp
starlette==0.47.3
    # via fastapi
    # via google-adk
    # via mcp
tenacity==8.5.0
    # via google-adk
    # via google-genai
typing-extensions==4.15.0
    # via alembic
    # via anyio
    # via fastapi
    # via google-adk
    # via google-cloud-aiplatform
    # via google-genai
    # via opentelemetry-api
    # via opentelemetry-resourcedetector-gcp
    # via opentelemetry-sdk
    # via opentelemetry-semantic-conventions
    # via pydantic
    # via pydantic-core
    # via referencing
    # via sqlalchemy
    # via starlette
    # via typing-inspection
typing-inspection==0.4.1
    # via pydantic
    # via pydantic-settings
tzlocal==5.3.1
    # via google-adk
uritemplate==4.2.0
    # via google-api-python-client
urllib3==2.5.0
    # via requests
uvicorn==0.35.0
    # via google-adk
    # via mcp
watchdog==6.0.0
    # via google-adk
websockets==15.0.1
    # via google-adk
    # via google-genai
zipp==3.23.0
    # via importlib-metadata
